
Microsoft Visual Studio Solution File, Format Version 12.00
# Visual Studio Version 16
VisualStudioVersion = 16.0.31112.23
MinimumVisualStudioVersion = 10.0.40219.1
Project("{FAE04EC0-301F-11D3-BF4B-00C04F79EFBC}") = "CoinTracker.Business", "CoinTracker.Business\CoinTracker.Business.csproj", "{338F9003-F632-4B67-A557-D9A1184D6FC9}"
EndProject
Project("{FAE04EC0-301F-11D3-BF4B-00C04F79EFBC}") = "CoinTracker.Entities", "CoinTracker.Entities\CoinTracker.Entities.csproj", "{24164489-13E9-48F9-A63B-91F40B58EC4C}"
EndProject
Project("{FAE04EC0-301F-11D3-BF4B-00C04F79EFBC}") = "CoinTracker.DataAccess", "CoinTracker.DataAccess\CoinTracker.DataAccess.csproj", "{A3AC78B0-CF0F-45F0-B917-CED49143F8D0}"
EndProject
Project("{FAE04EC0-301F-11D3-BF4B-00C04F79EFBC}") = "CoinTracker.Core", "CoinTracker.Core\CoinTracker.Core.csproj", "{4D10EEB0-80D9-427C-9732-614E34C5C573}"
EndProject
Project("{FAE04EC0-301F-11D3-BF4B-00C04F79EFBC}") = "CoinTracker.WFAUI", "CoinTracker.WFAUI\CoinTracker.WFAUI.csproj", "{8672E947-5974-4914-9130-0BA9E85B6E16}"
EndProject
Global
	GlobalSection(SolutionConfigurationPlatforms) = preSolution
		Debug|Any CPU = Debug|Any CPU
		Release|Any CPU = Release|Any CPU
	EndGlobalSection
	GlobalSection(ProjectConfigurationPlatforms) = postSolution
		{338F9003-F632-4B67-A557-D9A1184D6FC9}.Debug|Any CPU.ActiveCfg = Debug|Any CPU
		{338F9003-F632-4B67-A557-D9A1184D6FC9}.Debug|Any CPU.Build.0 = Debug|Any CPU
		{338F9003-F632-4B67-A557-D9A1184D6FC9}.Release|Any CPU.ActiveCfg = Release|Any CPU
		{338F9003-F632-4B67-A557-D9A1184D6FC9}.Release|Any CPU.Build.0 = Release|Any CPU
		{24164489-13E9-48F9-A63B-91F40B58EC4C}.Debug|Any CPU.ActiveCfg = Debug|Any CPU
		{24164489-13E9-48F9-A63B-91F40B58EC4C}.Debug|Any CPU.Build.0 = Debug|Any CPU
		{24164489-13E9-48F9-A63B-91F40B58EC4C}.Release|Any CPU.ActiveCfg = Release|Any CPU
		{24164489-13E9-48F9-A63B-91F40B58EC4C}.Release|Any CPU.Build.0 = Release|Any CPU
		{A3AC78B0-CF0F-45F0-B917-CED49143F8D0}.Debug|Any CPU.ActiveCfg = Debug|Any CPU
		{A3AC78B0-CF0F-45F0-B917-CED49143F8D0}.Debug|Any CPU.Build.0 = Debug|Any CPU
		{A3AC78B0-CF0F-45F0-B917-CED49143F8D0}.Release|Any CPU.ActiveCfg = Release|Any CPU
		{A3AC78B0-CF0F-45F0-B917-CED49143F8D0}.Release|Any CPU.Build.0 = Release|Any CPU
		{4D10EEB0-80D9-427C-9732-614E34C5C573}.Debug|Any CPU.ActiveCfg = Debug|Any CPU
		{4D10EEB0-80D9-427C-9732-614E34C5C573}.Debug|Any CPU.Build.0 = Debug|Any CPU
		{4D10EEB0-80D9-427C-9732-614E34C5C573}.Release|Any CPU.ActiveCfg = Release|Any CPU
		{4D10EEB0-80D9-427C-9732-614E34C5C573}.Release|Any CPU.Build.0 = Release|Any CPU
		{8672E947-5974-4914-9130-0BA9E85B6E16}.Debug|Any CPU.ActiveCfg = Debug|Any CPU
		{8672E947-5974-4914-9130-0BA9E85B6E16}.Debug|Any CPU.Build.0 = Debug|Any CPU
		{8672E947-5974-4914-9130-0BA9E85B6E16}.Release|Any CPU.ActiveCfg = Release|Any CPU
		{8672E947-5974-4914-9130-0BA9E85B6E16}.Release|Any CPU.Build.0 = Release|Any CPU
	EndGlobalSection
	GlobalSection(SolutionProperties) = preSolution
		HideSolutionNode = FALSE
	EndGlobalSection
	GlobalSection(ExtensibilityGlobals) = postSolution
		SolutionGuid = {6E13A5E9-781F-491D-8216-D67EAFC98C73}
	EndGlobalSection
EndGlobal
